{
  "name": "sfc_planet_field_sim",
  "version": "1.0.0",
  "lockfileVersion": 1,
  "requires": true,
  "dependencies": {
    "performance-now": {
      "version": "2.1.0",
      "resolved": "https://registry.npmjs.org/performance-now/-/performance-now-2.1.0.tgz",
      "integrity": "sha1-Ywn04OX6kT7BxpMHrjZLSzd8nns=",
      "dev": true
    },
    "unirand": {
      "version": "2.7.0",
      "resolved": "https://registry.npmjs.org/unirand/-/unirand-2.7.0.tgz",
      "integrity": "sha512-u9IPeo0lC0W4wJKXMxmFrOYwDyUFU5qDQTTLMLPn8dwmPwEcfSV4bpex2bHC4g7RYD1SiquNJEUIrNVd/kLnwg=="
    }
  }
}
